
Microsoft Visual Studio Solution File, Format Version 12.00
# Visual Studio Version 16
VisualStudioVersion = 16.0.30320.27
MinimumVisualStudioVersion = 10.0.40219.1
Project("{FAE04EC0-301F-11D3-BF4B-00C04F79EFBC}") = "Archer.Desktop", "Archer.Desktop\Archer.Desktop.csproj", "{BD44C06C-462B-4449-9AE3-3151EDB47024}"
EndProject
Project("{FAE04EC0-301F-11D3-BF4B-00C04F79EFBC}") = "Archer.Library", "Archer.Library\Archer.Library.csproj", "{0D470B0F-4608-4711-ABC0-D20015DD7EA4}"
EndProject
Global
	GlobalSection(SolutionConfigurationPlatforms) = preSolution
		Debug|Any CPU = Debug|Any CPU
		Release|Any CPU = Release|Any CPU
	EndGlobalSection
	GlobalSection(ProjectConfigurationPlatforms) = postSolution
		{BD44C06C-462B-4449-9AE3-3151EDB47024}.Debug|Any CPU.ActiveCfg = Debug|Any CPU
		{BD44C06C-462B-4449-9AE3-3151EDB47024}.Debug|Any CPU.Build.0 = Debug|Any CPU
		{BD44C06C-462B-4449-9AE3-3151EDB47024}.Release|Any CPU.ActiveCfg = Release|Any CPU
		{BD44C06C-462B-4449-9AE3-3151EDB47024}.Release|Any CPU.Build.0 = Release|Any CPU
		{0D470B0F-4608-4711-ABC0-D20015DD7EA4}.Debug|Any CPU.ActiveCfg = Debug|Any CPU
		{0D470B0F-4608-4711-ABC0-D20015DD7EA4}.Debug|Any CPU.Build.0 = Debug|Any CPU
		{0D470B0F-4608-4711-ABC0-D20015DD7EA4}.Release|Any CPU.ActiveCfg = Release|Any CPU
		{0D470B0F-4608-4711-ABC0-D20015DD7EA4}.Release|Any CPU.Build.0 = Release|Any CPU
	EndGlobalSection
	GlobalSection(SolutionProperties) = preSolution
		HideSolutionNode = FALSE
	EndGlobalSection
	GlobalSection(ExtensibilityGlobals) = postSolution
		SolutionGuid = {877F1F90-A3AB-4FD8-9D11-1D74381FC957}
	EndGlobalSection
EndGlobal
